// !$*UTF8*$!
{
	archiveVersion = 1;
	classes = {
	};
	objectVersion = 46;
	objects = {

/* Begin PBXBuildFile section */
		D95394E71BB2694900CB6746 /* main.m in Sources */ = {isa = PBXBuildFile; fileRef = D95394E61BB2694900CB6746 /* main.m */; };
		D95394EA1BB2694900CB6746 /* AppDelegate.m in Sources */ = {isa = PBXBuildFile; fileRef = D95394E91BB2694900CB6746 /* AppDelegate.m */; };
		D95394ED1BB2694900CB6746 /* ViewController.m in Sources */ = {isa = PBXBuildFile; fileRef = D95394EC1BB2694900CB6746 /* ViewController.m */; };
		D95394F01BB2694900CB6746 /* Main.storyboard in Resources */ = {isa = PBXBuildFile; fileRef = D95394EE1BB2694900CB6746 /* Main.storyboard */; };
		D95394F21BB2694900CB6746 /* Assets.xcassets in Resources */ = {isa = PBXBuildFile; fileRef = D95394F11BB2694900CB6746 /* Assets.xcassets */; };
		D95394F51BB2694900CB6746 /* LaunchScreen.storyboard in Resources */ = {isa = PBXBuildFile; fileRef = D95394F31BB2694900CB6746 /* LaunchScreen.storyboard */; };
		D95395001BB2694900CB6746 /* IDoTests.m in Sources */ = {isa = PBXBuildFile; fileRef = D95394FF1BB2694900CB6746 /* IDoTests.m */; };
		D953950B1BB2694900CB6746 /* IDoUITests.m in Sources */ = {isa = PBXBuildFile; fileRef = D953950A1BB2694900CB6746 /* IDoUITests.m */; };
/* End PBXBuildFile section */

/* Begin PBXContainerItemProxy section */
		D95394FC1BB2694900CB6746 /* PBXContainerItemProxy */ = {
			isa = PBXContainerItemProxy;
			containerPortal = D95394DA1BB2694900CB6746 /* Project object */;
			proxyType = 1;
			remoteGlobalIDString = D95394E11BB2694900CB6746;
			remoteInfo = IDo;
		};
		D95395071BB2694900CB6746 /* PBXContainerItemProxy */ = {
			isa = PBXContainerItemProxy;
			containerPortal = D95394DA1BB2694900CB6746 /* Project object */;
			proxyType = 1;
			remoteGlobalIDString = D95394E11BB2694900CB6746;
			remoteInfo = IDo;
		};
/* End PBXContainerItemProxy section */

/* Begin PBXFileReference section */
		D95394E21BB2694900CB6746 /* IDo.app */ = {isa = PBXFileReference; explicitFileType = wrapper.application; includeInIndex = 0; path = IDo.app; sourceTree = BUILT_PRODUCTS_DIR; };
		D95394E61BB2694900CB6746 /* main.m */ = {isa = PBXFileReference; lastKnownFileType = sourcecode.c.objc; path = main.m; sourceTree = "<group>"; };
		D95394E81BB2694900CB6746 /* AppDelegate.h */ = {isa = PBXFileReference; lastKnownFileType = sourcecode.c.h; path = AppDelegate.h; sourceTree = "<group>"; };
		D95394E91BB2694900CB6746 /* AppDelegate.m */ = {isa = PBXFileReference; lastKnownFileType = sourcecode.c.objc; path = AppDelegate.m; sourceTree = "<group>"; };
		D95394EB1BB2694900CB6746 /* ViewController.h */ = {isa = PBXFileReference; lastKnownFileType = sourcecode.c.h; path = ViewController.h; sourceTree = "<group>"; };
		D95394EC1BB2694900CB6746 /* ViewController.m */ = {isa = PBXFileReference; lastKnownFileType = sourcecode.c.objc; path = ViewController.m; sourceTree = "<group>"; };
		D95394EF1BB2694900CB6746 /* Base */ = {isa = PBXFileReference; lastKnownFileType = file.storyboard; name = Base; path = Base.lproj/Main.storyboard; sourceTree = "<group>"; };
		D95394F11BB2694900CB6746 /* Assets.xcassets */ = {isa = PBXFileReference; lastKnownFileType = folder.assetcatalog; path = Assets.xcassets; sourceTree = "<group>"; };
		D95394F41BB2694900CB6746 /* Base */ = {isa = PBXFileReference; lastKnownFileType = file.storyboard; name = Base; path = Base.lproj/LaunchScreen.storyboard; sourceTree = "<group>"; };
		D95394F61BB2694900CB6746 /* Info.plist */ = {isa = PBXFileReference; lastKnownFileType = text.plist.xml; path = Info.plist; sourceTree = "<group>"; };
		D95394FB1BB2694900CB6746 /* IDoTests.xctest */ = {isa = PBXFileReference; explicitFileType = wrapper.cfbundle; includeInIndex = 0; path = IDoTests.xctest; sourceTree = BUILT_PRODUCTS_DIR; };
		D95394FF1BB2694900CB6746 /* IDoTests.m */ = {isa = PBXFileReference; lastKnownFileType = sourcecode.c.objc; path = IDoTests.m; sourceTree = "<group>"; };
		D95395011BB2694900CB6746 /* Info.plist */ = {isa = PBXFileReference; lastKnownFileType = text.plist.xml; path = Info.plist; sourceTree = "<group>"; };
		D95395061BB2694900CB6746 /* IDoUITests.xctest */ = {isa = PBXFileReference; explicitFileType = wrapper.cfbundle; includeInIndex = 0; path = IDoUITests.xctest; sourceTree = BUILT_PRODUCTS_DIR; };
		D953950A1BB2694900CB6746 /* IDoUITests.m */ = {isa = PBXFileReference; lastKnownFileType = sourcecode.c.objc; path = IDoUITests.m; sourceTree = "<group>"; };
		D953950C1BB2694900CB6746 /* Info.plist */ = {isa = PBXFileReference; lastKnownFileType = text.plist.xml; path = Info.plist; sourceTree = "<group>"; };
/* End PBXFileReference section */

/* Begin PBXFrameworksBuildPhase section */
		D95394DF1BB2694900CB6746 /* Frameworks */ = {
			isa = PBXFrameworksBuildPhase;
			buildActionMask = 2147483647;
			files = (
			);
			runOnlyForDeploymentPostprocessing = 0;
		};
		D95394F81BB2694900CB6746 /* Frameworks */ = {
			isa = PBXFrameworksBuildPhase;
			buildActionMask = 2147483647;
			files = (
			);
			runOnlyForDeploymentPostprocessing = 0;
		};
		D95395031BB2694900CB6746 /* Frameworks */ = {
			isa = PBXFrameworksBuildPhase;
			buildActionMask = 2147483647;
			files = (
			);
			runOnlyForDeploymentPostprocessing = 0;
		};
/* End PBXFrameworksBuildPhase section */

/* Begin PBXGroup section */
		D95394D91BB2694900CB6746 = {
			isa = PBXGroup;
			children = (
				D95394E41BB2694900CB6746 /* IDo */,
				D95394FE1BB2694900CB6746 /* IDoTests */,
				D95395091BB2694900CB6746 /* IDoUITests */,
				D95394E31BB2694900CB6746 /* Products */,
			);
			sourceTree = "<group>";
		};
		D95394E31BB2694900CB6746 /* Products */ = {
			isa = PBXGroup;
			children = (
				D95394E21BB2694900CB6746 /* IDo.app */,
				D95394FB1BB2694900CB6746 /* IDoTests.xctest */,
				D95395061BB2694900CB6746 /* IDoUITests.xctest */,
			);
			name = Products;
			sourceTree = "<group>";
		};
		D95394E41BB2694900CB6746 /* IDo */ = {
			isa = PBXGroup;
			children = (
				D95394E81BB2694900CB6746 /* AppDelegate.h */,
				D95394E91BB2694900CB6746 /* AppDelegate.m */,
				D95394EB1BB2694900CB6746 /* ViewController.h */,
				D95394EC1BB2694900CB6746 /* ViewController.m */,
				D95394EE1BB2694900CB6746 /* Main.storyboard */,
				D95394F11BB2694900CB6746 /* Assets.xcassets */,
				D95394F31BB2694900CB6746 /* LaunchScreen.storyboard */,
				D95394F61BB2694900CB6746 /* Info.plist */,
				D95394E51BB2694900CB6746 /* Supporting Files */,
			);
			path = IDo;
			sourceTree = "<group>";
		};
		D95394E51BB2694900CB6746 /* Supporting Files */ = {
			isa = PBXGroup;
			children = (
				D95394E61BB2694900CB6746 /* main.m */,
			);
			name = "Supporting Files";
			sourceTree = "<group>";
		};
		D95394FE1BB2694900CB6746 /* IDoTests */ = {
			isa = PBXGroup;
			children = (
				D95394FF1BB2694900CB6746 /* IDoTests.m */,
				D95395011BB2694900CB6746 /* Info.plist */,
			);
			path = IDoTests;
			sourceTree = "<group>";
		};
		D95395091BB2694900CB6746 /* IDoUITests */ = {
			isa = PBXGroup;
			children = (
				D953950A1BB2694900CB6746 /* IDoUITests.m */,
				D953950C1BB2694900CB6746 /* Info.plist */,
			);
			path = IDoUITests;
			sourceTree = "<group>";
		};
/* End PBXGroup section */

/* Begin PBXNativeTarget section */
		D95394E11BB2694900CB6746 /* IDo */ = {
			isa = PBXNativeTarget;
			buildConfigurationList = D953950F1BB2694900CB6746 /* Build configuration list for PBXNativeTarget "IDo" */;
			buildPhases = (
				D95394DE1BB2694900CB6746 /* Sources */,
				D95394DF1BB2694900CB6746 /* Frameworks */,
				D95394E01BB2694900CB6746 /* Resources */,
			);
			buildRules = (
			);
			dependencies = (
			);
			name = IDo;
			productName = IDo;
			productReference = D95394E21BB2694900CB6746 /* IDo.app */;
			productType = "com.apple.product-type.application";
		};
		D95394FA1BB2694900CB6746 /* IDoTests */ = {
			isa = PBXNativeTarget;
			buildConfigurationList = D95395121BB2694900CB6746 /* Build configuration list for PBXNativeTarget "IDoTests" */;
			buildPhases = (
				D95394F71BB2694900CB6746 /* Sources */,
				D95394F81BB2694900CB6746 /* Frameworks */,
				D95394F91BB2694900CB6746 /* Resources */,
			);
			buildRules = (
			);
			dependencies = (
				D95394FD1BB2694900CB6746 /* PBXTargetDependency */,
			);
			name = IDoTests;
			productName = IDoTests;
			productReference = D95394FB1BB2694900CB6746 /* IDoTests.xctest */;
			productType = "com.apple.product-type.bundle.unit-test";
		};
		D95395051BB2694900CB6746 /* IDoUITests */ = {
			isa = PBXNativeTarget;
			buildConfigurationList = D95395151BB2694900CB6746 /* Build configuration list for PBXNativeTarget "IDoUITests" */;
			buildPhases = (
				D95395021BB2694900CB6746 /* Sources */,
				D95395031BB2694900CB6746 /* Frameworks */,
				D95395041BB2694900CB6746 /* Resources */,
			);
			buildRules = (
			);
			dependencies = (
				D95395081BB2694900CB6746 /* PBXTargetDependency */,
			);
			name = IDoUITests;
			productName = IDoUITests;
			productReference = D95395061BB2694900CB6746 /* IDoUITests.xctest */;
			productType = "com.apple.product-type.bundle.ui-testing";
		};
/* End PBXNativeTarget section */

/* Begin PBXProject section */
		D95394DA1BB2694900CB6746 /* Project object */ = {
			isa = PBXProject;
			attributes = {
				LastUpgradeCheck = 0700;
				ORGANIZATIONNAME = com.Yinengxin.xianne;
				TargetAttributes = {
					D95394E11BB2694900CB6746 = {
						CreatedOnToolsVersion = 7.0;
					};
					D95394FA1BB2694900CB6746 = {
						CreatedOnToolsVersion = 7.0;
						TestTargetID = D95394E11BB2694900CB6746;
					};
					D95395051BB2694900CB6746 = {
						CreatedOnToolsVersion = 7.0;
						TestTargetID = D95394E11BB2694900CB6746;
					};
				};
			};
			buildConfigurationList = D95394DD1BB2694900CB6746 /* Build configuration list for PBXProject "IDo" */;
			compatibilityVersion = "Xcode 3.2";
			developmentRegion = English;
			hasScannedForEncodings = 0;
			knownRegions = (
				en,
				Base,
			);
			mainGroup = D95394D91BB2694900CB6746;
			productRefGroup = D95394E31BB2694900CB6746 /* Products */;
			projectDirPath = "";
			projectRoot = "";
			targets = (
				D95394E11BB2694900CB6746 /* IDo */,
				D95394FA1BB2694900CB6746 /* IDoTests */,
				D95395051BB2694900CB6746 /* IDoUITests */,
			);
		};
/* End PBXProject section */

/* Begin PBXResourcesBuildPhase section */
		D95394E01BB2694900CB6746 /* Resources */ = {
			isa = PBXResourcesBuildPhase;
			buildActionMask = 2147483647;
			files = (
				D95394F51BB2694900CB6746 /* LaunchScreen.storyboard in Resources */,
				D95394F21BB2694900CB6746 /* Assets.xcassets in Resources */,
				D95394F01BB2694900CB6746 /* Main.storyboard in Resources */,
			);
			runOnlyForDeploymentPostprocessing = 0;
		};
		D95394F91BB2694900CB6746 /* Resources */ = {
			isa = PBXResourcesBuildPhase;
			buildActionMask = 2147483647;
			files = (
			);
			runOnlyForDeploymentPostprocessing = 0;
		};
		D95395041BB2694900CB6746 /* Resources */ = {
			isa = PBXResourcesBuildPhase;
			buildActionMask = 2147483647;
			files = (
			);
			runOnlyForDeploymentPostprocessing = 0;
		};
/* End PBXResourcesBuildPhase section */

/* Begin PBXSourcesBuildPhase section */
		D95394DE1BB2694900CB6746 /* Sources */ = {
			isa = PBXSourcesBuildPhase;
			buildActionMask = 2147483647;
			files = (
				D95394ED1BB2694900CB6746 /* ViewController.m in Sources */,
				D95394EA1BB2694900CB6746 /* AppDelegate.m in Sources */,
				D95394E71BB2694900CB6746 /* main.m in Sources */,
			);
			runOnlyForDeploymentPostprocessing = 0;
		};
		D95394F71BB2694900CB6746 /* Sources */ = {
			isa = PBXSourcesBuildPhase;
			buildActionMask = 2147483647;
			files = (
				D95395001BB2694900CB6746 /* IDoTests.m in Sources */,
			);
			runOnlyForDeploymentPostprocessing = 0;
		};
		D95395021BB2694900CB6746 /* Sources */ = {
			isa = PBXSourcesBuildPhase;
			buildActionMask = 2147483647;
			files = (
				D953950B1BB2694900CB6746 /* IDoUITests.m in Sources */,
			);
			runOnlyForDeploymentPostprocessing = 0;
		};
/* End PBXSourcesBuildPhase section */

/* Begin PBXTargetDependency section */
		D95394FD1BB2694900CB6746 /* PBXTargetDependency */ = {
			isa = PBXTargetDependency;
			target = D95394E11BB2694900CB6746 /* IDo */;
			targetProxy = D95394FC1BB2694900CB6746 /* PBXContainerItemProxy */;
		};
		D95395081BB2694900CB6746 /* PBXTargetDependency */ = {
			isa = PBXTargetDependency;
			target = D95394E11BB2694900CB6746 /* IDo */;
			targetProxy = D95395071BB2694900CB6746 /* PBXContainerItemProxy */;
		};
/* End PBXTargetDependency section */

/* Begin PBXVariantGroup section */
		D95394EE1BB2694900CB6746 /* Main.storyboard */ = {
			isa = PBXVariantGroup;
			children = (
				D95394EF1BB2694900CB6746 /* Base */,
			);
			name = Main.storyboard;
			sourceTree = "<group>";
		};
		D95394F31BB2694900CB6746 /* LaunchScreen.storyboard */ = {
			isa = PBXVariantGroup;
			children = (
				D95394F41BB2694900CB6746 /* Base */,
			);
			name = LaunchScreen.storyboard;
			sourceTree = "<group>";
		};
/* End PBXVariantGroup section */

/* Begin XCBuildConfiguration section */
		D953950D1BB2694900CB6746 /* Debug */ = {
			isa = XCBuildConfiguration;
			buildSettings = {
				ALWAYS_SEARCH_USER_PATHS = NO;
				CLANG_CXX_LANGUAGE_STANDARD = "gnu++0x";
				CLANG_CXX_LIBRARY = "libc++";
				CLANG_ENABLE_MODULES = YES;
				CLANG_ENABLE_OBJC_ARC = YES;
				CLANG_WARN_BOOL_CONVERSION = YES;
				CLANG_WARN_CONSTANT_CONVERSION = YES;
				CLANG_WARN_DIRECT_OBJC_ISA_USAGE = YES_ERROR;
				CLANG_WARN_EMPTY_BODY = YES;
				CLANG_WARN_ENUM_CONVERSION = YES;
				CLANG_WARN_INT_CONVERSION = YES;
				CLANG_WARN_OBJC_ROOT_CLASS = YES_ERROR;
				CLANG_WARN_UNREACHABLE_CODE = YES;
				CLANG_WARN__DUPLICATE_METHOD_MATCH = YES;
				"CODE_SIGN_IDENTITY[sdk=iphoneos*]" = "iPhone Developer";
				COPY_PHASE_STRIP = NO;
				DEBUG_INFORMATION_FORMAT = dwarf;
				ENABLE_STRICT_OBJC_MSGSEND = YES;
				ENABLE_TESTABILITY = YES;
				GCC_C_LANGUAGE_STANDARD = gnu99;
				GCC_DYNAMIC_NO_PIC = NO;
				GCC_NO_COMMON_BLOCKS = YES;
				GCC_OPTIMIZATION_LEVEL = 0;
				GCC_PREPROCESSOR_DEFINITIONS = (
					"DEBUG=1",
					"$(inherited)",
				);
				GCC_WARN_64_TO_32_BIT_CONVERSION = YES;
				GCC_WARN_ABOUT_RETURN_TYPE = YES_ERROR;
				GCC_WARN_UNDECLARED_SELECTOR = YES;
				GCC_WARN_UNINITIALIZED_AUTOS = YES_AGGRESSIVE;
				GCC_WARN_UNUSED_FUNCTION = YES;
				GCC_WARN_UNUSED_VARIABLE = YES;
				IPHONEOS_DEPLOYMENT_TARGET = 9.0;
				MTL_ENABLE_DEBUG_INFO = YES;
				ONLY_ACTIVE_ARCH = YES;
				SDKROOT = iphoneos;
			};
			name = Debug;
		};
		D953950E1BB2694900CB6746 /* Release */ = {
			isa = XCBuildConfiguration;
			buildSettings = {
				ALWAYS_SEARCH_USER_PATHS = NO;
				CLANG_CXX_LANGUAGE_STANDARD = "gnu++0x";
				CLANG_CXX_LIBRARY = "libc++";
				CLANG_ENABLE_MODULES = YES;
				CLANG_ENABLE_OBJC_ARC = YES;
				CLANG_WARN_BOOL_CONVERSION = YES;
				CLANG_WARN_CONSTANT_CONVERSION = YES;
				CLANG_WARN_DIRECT_OBJC_ISA_USAGE = YES_ERROR;
				CLANG_WARN_EMPTY_BODY = YES;
				CLANG_WARN_ENUM_CONVERSION = YES;
				CLANG_WARN_INT_CONVERSION = YES;
				CLANG_WARN_OBJC_ROOT_CLASS = YES_ERROR;
				CLANG_WARN_UNREACHABLE_CODE = YES;
				CLANG_WARN__DUPLICATE_METHOD_MATCH = YES;
				"CODE_SIGN_IDENTITY[sdk=iphoneos*]" = "iPhone Developer";
				COPY_PHASE_STRIP = NO;
				DEBUG_INFORMATION_FORMAT = "dwarf-with-dsym";
				ENABLE_NS_ASSERTIONS = NO;
				ENABLE_STRICT_OBJC_MSGSEND = YES;
				GCC_C_LANGUAGE_STANDARD = gnu99;
				GCC_NO_COMMON_BLOCKS = YES;
				GCC_WARN_64_TO_32_BIT_CONVERSION = YES;
				GCC_WARN_ABOUT_RETURN_TYPE = YES_ERROR;
				GCC_WARN_UNDECLARED_SELECTOR = YES;
				GCC_WARN_UNINITIALIZED_AUTOS = YES_AGGRESSIVE;
				GCC_WARN_UNUSED_FUNCTION = YES;
				GCC_WARN_UNUSED_VARIABLE = YES;
				IPHONEOS_DEPLOYMENT_TARGET = 9.0;
				MTL_ENABLE_DEBUG_INFO = NO;
				SDKROOT = iphoneos;
				VALIDATE_PRODUCT = YES;
			};
			name = Release;
		};
		D95395101BB2694900CB6746 /* Debug */ = {
			isa = XCBuildConfiguration;
			buildSettings = {
				ASSETCATALOG_COMPILER_APPICON_NAME = AppIcon;
				INFOPLIST_FILE = IDo/Info.plist;
				IPHONEOS_DEPLOYMENT_TARGET = 7.0;
				LD_RUNPATH_SEARCH_PATHS = "$(inherited) @executable_path/Frameworks";
				PRODUCT_BUNDLE_IDENTIFIER = com.Yinengxin.IDo;
				PRODUCT_NAME = "$(TARGET_NAME)";
			};
			name = Debug;
		};
		D95395111BB2694900CB6746 /* Release */ = {
			isa = XCBuildConfiguration;
			buildSettings = {
				ASSETCATALOG_COMPILER_APPICON_NAME = AppIcon;
				INFOPLIST_FILE = IDo/Info.plist;
				IPHONEOS_DEPLOYMENT_TARGET = 7.0;
				LD_RUNPATH_SEARCH_PATHS = "$(inherited) @executable_path/Frameworks";
				PRODUCT_BUNDLE_IDENTIFIER = com.Yinengxin.IDo;
				PRODUCT_NAME = "$(TARGET_NAME)";
			};
			name = Release;
		};
		D95395131BB2694900CB6746 /* Debug */ = {
			isa = XCBuildConfiguration;
			buildSettings = {
				BUNDLE_LOADER = "$(TEST_HOST)";
				INFOPLIST_FILE = IDoTests/Info.plist;
				LD_RUNPATH_SEARCH_PATHS = "$(inherited) @executable_path/Frameworks @loader_path/Frameworks";
				PRODUCT_BUNDLE_IDENTIFIER = com.Yinengxin.IDoTests;
				PRODUCT_NAME = "$(TARGET_NAME)";
				TEST_HOST = "$(BUILT_PRODUCTS_DIR)/IDo.app/IDo";
			};
			name = Debug;
		};
		D95395141BB2694900CB6746 /* Release */ = {
			isa = XCBuildConfiguration;
			buildSettings = {
				BUNDLE_LOADER = "$(TEST_HOST)";
				INFOPLIST_FILE = IDoTests/Info.plist;
				LD_RUNPATH_SEARCH_PATHS = "$(inherited) @executable_path/Frameworks @loader_path/Frameworks";
				PRODUCT_BUNDLE_IDENTIFIER = com.Yinengxin.IDoTests;
				PRODUCT_NAME = "$(TARGET_NAME)";
				TEST_HOST = "$(BUILT_PRODUCTS_DIR)/IDo.app/IDo";
			};
			name = Release;
		};
		D95395161BB2694900CB6746 /* Debug */ = {
			isa = XCBuildConfiguration;
			buildSettings = {
				INFOPLIST_FILE = IDoUITests/Info.plist;
				LD_RUNPATH_SEARCH_PATHS = "$(inherited) @executable_path/Frameworks @loader_path/Frameworks";
				PRODUCT_BUNDLE_IDENTIFIER = com.Yinengxin.IDoUITests;
				PRODUCT_NAME = "$(TARGET_NAME)";
				TEST_TARGET_NAME = IDo;
				USES_XCTRUNNER = YES;
			};
			name = Debug;
		};
		D95395171BB2694900CB6746 /* Release */ = {
			isa = XCBuildConfiguration;
			buildSettings = {
				INFOPLIST_FILE = IDoUITests/Info.plist;
				LD_RUNPATH_SEARCH_PATHS = "$(inherited) @executable_path/Frameworks @loader_path/Frameworks";
				PRODUCT_BUNDLE_IDENTIFIER = com.Yinengxin.IDoUITests;
				PRODUCT_NAME = "$(TARGET_NAME)";
				TEST_TARGET_NAME = IDo;
				USES_XCTRUNNER = YES;
			};
			name = Release;
		};
/* End XCBuildConfiguration section */

/* Begin XCConfigurationList section */
		D95394DD1BB2694900CB6746 /* Build configuration list for PBXProject "IDo" */ = {
			isa = XCConfigurationList;
			buildConfigurations = (
				D953950D1BB2694900CB6746 /* Debug */,
				D953950E1BB2694900CB6746 /* Release */,
			);
			defaultConfigurationIsVisible = 0;
			defaultConfigurationName = Release;
		};
		D953950F1BB2694900CB6746 /* Build configuration list for PBXNativeTarget "IDo" */ = {
			isa = XCConfigurationList;
			buildConfigurations = (
				D95395101BB2694900CB6746 /* Debug */,
				D95395111BB2694900CB6746 /* Release */,
			);
			defaultConfigurationIsVisible = 0;
		};
		D95395121BB2694900CB6746 /* Build configuration list for PBXNativeTarget "IDoTests" */ = {
			isa = XCConfigurationList;
			buildConfigurations = (
				D95395131BB2694900CB6746 /* Debug */,
				D95395141BB2694900CB6746 /* Release */,
			);
			defaultConfigurationIsVisible = 0;
		};
		D95395151BB2694900CB6746 /* Build configuration list for PBXNativeTarget "IDoUITests" */ = {
			isa = XCConfigurationList;
			buildConfigurations = (
				D95395161BB2694900CB6746 /* Debug */,
				D95395171BB2694900CB6746 /* Release */,
			);
			defaultConfigurationIsVisible = 0;
		};
/* End XCConfigurationList section */
	};
	rootObject = D95394DA1BB2694900CB6746 /* Project object */;
}
