// !$*UTF8*$!
{
	archiveVersion = 1;
	classes = {
	};
	objectVersion = 46;
	objects = {

/* Begin PBXBuildFile section */
		D95394E71BB2694900CB6746 /* main.m in Sources */ = {isa = PBXBuildFile; fileRef = D95394E61BB2694900CB6746 /* main.m */; };
		D95394EA1BB2694900CB6746 /* AppDelegate.m in Sources */ = {isa = PBXBuildFile; fileRef = D95394E91BB2694900CB6746 /* AppDelegate.m */; };
		D95394F21BB2694900CB6746 /* Assets.xcassets in Resources */ = {isa = PBXBuildFile; fileRef = D95394F11BB2694900CB6746 /* Assets.xcassets */; };
		D95395001BB2694900CB6746 /* IDoTests.m in Sources */ = {isa = PBXBuildFile; fileRef = D95394FF1BB2694900CB6746 /* IDoTests.m */; };
		D953950B1BB2694900CB6746 /* IDoUITests.m in Sources */ = {isa = PBXBuildFile; fileRef = D953950A1BB2694900CB6746 /* IDoUITests.m */; };
		D953951A1BB26B0200CB6746 /* HomeViewController.m in Sources */ = {isa = PBXBuildFile; fileRef = D95395191BB26B0200CB6746 /* HomeViewController.m */; settings = {ASSET_TAGS = (); }; };
		D953959F1BB273DA00CB6746 /* Security.framework in Frameworks */ = {isa = PBXBuildFile; fileRef = D953959E1BB273DA00CB6746 /* Security.framework */; };
		D95395A11BB273E900CB6746 /* libz.tbd in Frameworks */ = {isa = PBXBuildFile; fileRef = D95395A01BB273E800CB6746 /* libz.tbd */; };
		D95395A31BB2740C00CB6746 /* libc++.tbd in Frameworks */ = {isa = PBXBuildFile; fileRef = D95395A21BB2740C00CB6746 /* libc++.tbd */; };
		D9B2F6951BB27FA900ED7DDF /* Default-568h@2x.png in Resources */ = {isa = PBXBuildFile; fileRef = D9B2F6941BB27FA900ED7DDF /* Default-568h@2x.png */; settings = {ASSET_TAGS = (); }; };
		D9B2F6AA1BB2838300ED7DDF /* RECommonFunctions.m in Sources */ = {isa = PBXBuildFile; fileRef = D9B2F69F1BB2838300ED7DDF /* RECommonFunctions.m */; settings = {ASSET_TAGS = (); }; };
		D9B2F6AB1BB2838300ED7DDF /* REFrostedContainerViewController.m in Sources */ = {isa = PBXBuildFile; fileRef = D9B2F6A11BB2838300ED7DDF /* REFrostedContainerViewController.m */; settings = {ASSET_TAGS = (); }; };
		D9B2F6AC1BB2838300ED7DDF /* REFrostedViewController.m in Sources */ = {isa = PBXBuildFile; fileRef = D9B2F6A31BB2838300ED7DDF /* REFrostedViewController.m */; settings = {ASSET_TAGS = (); }; };
		D9B2F6AD1BB2838300ED7DDF /* UIImage+REFrostedViewController.m in Sources */ = {isa = PBXBuildFile; fileRef = D9B2F6A51BB2838300ED7DDF /* UIImage+REFrostedViewController.m */; settings = {ASSET_TAGS = (); }; };
		D9B2F6AE1BB2838300ED7DDF /* UIView+REFrostedViewController.m in Sources */ = {isa = PBXBuildFile; fileRef = D9B2F6A71BB2838300ED7DDF /* UIView+REFrostedViewController.m */; settings = {ASSET_TAGS = (); }; };
		D9B2F6AF1BB2838300ED7DDF /* UIViewController+REFrostedViewController.m in Sources */ = {isa = PBXBuildFile; fileRef = D9B2F6A91BB2838300ED7DDF /* UIViewController+REFrostedViewController.m */; settings = {ASSET_TAGS = (); }; };
		D9B2F6B21BB2844400ED7DDF /* HomeMenuViewController.m in Sources */ = {isa = PBXBuildFile; fileRef = D9B2F6B11BB2844400ED7DDF /* HomeMenuViewController.m */; settings = {ASSET_TAGS = (); }; };
		D9B2F6B61BB2882500ED7DDF /* HomeMenuTableViewHeaderView.m in Sources */ = {isa = PBXBuildFile; fileRef = D9B2F6B51BB2882500ED7DDF /* HomeMenuTableViewHeaderView.m */; settings = {ASSET_TAGS = (); }; };
		D9B2F6B81BB2883200ED7DDF /* HomeMenuTableViewHeaderView.xib in Resources */ = {isa = PBXBuildFile; fileRef = D9B2F6B71BB2883200ED7DDF /* HomeMenuTableViewHeaderView.xib */; settings = {ASSET_TAGS = (); }; };
		D9B2F6BE1BB28D7A00ED7DDF /* icon_menu_mine@2x.png in Resources */ = {isa = PBXBuildFile; fileRef = D9B2F6BA1BB28D7A00ED7DDF /* icon_menu_mine@2x.png */; settings = {ASSET_TAGS = (); }; };
		D9B2F6BF1BB28D7A00ED7DDF /* icon_menu_wallet@2x.png in Resources */ = {isa = PBXBuildFile; fileRef = D9B2F6BB1BB28D7A00ED7DDF /* icon_menu_wallet@2x.png */; settings = {ASSET_TAGS = (); }; };
		D9B2F6C01BB28D7A00ED7DDF /* icon_menu_setting@2x.png in Resources */ = {isa = PBXBuildFile; fileRef = D9B2F6BC1BB28D7A00ED7DDF /* icon_menu_setting@2x.png */; settings = {ASSET_TAGS = (); }; };
		D9B2F6C11BB28D7A00ED7DDF /* icon_menu_message@2x.png in Resources */ = {isa = PBXBuildFile; fileRef = D9B2F6BD1BB28D7A00ED7DDF /* icon_menu_message@2x.png */; settings = {ASSET_TAGS = (); }; };
		D9B2F6C51BB28E8E00ED7DDF /* HomeMenuTableViewCell.m in Sources */ = {isa = PBXBuildFile; fileRef = D9B2F6C31BB28E8E00ED7DDF /* HomeMenuTableViewCell.m */; settings = {ASSET_TAGS = (); }; };
		D9B2F6C61BB28E8E00ED7DDF /* HomeMenuTableViewCell.xib in Resources */ = {isa = PBXBuildFile; fileRef = D9B2F6C41BB28E8E00ED7DDF /* HomeMenuTableViewCell.xib */; settings = {ASSET_TAGS = (); }; };
/* End PBXBuildFile section */

/* Begin PBXContainerItemProxy section */
		D95394FC1BB2694900CB6746 /* PBXContainerItemProxy */ = {
			isa = PBXContainerItemProxy;
			containerPortal = D95394DA1BB2694900CB6746 /* Project object */;
			proxyType = 1;
			remoteGlobalIDString = D95394E11BB2694900CB6746;
			remoteInfo = IDo;
		};
		D95395071BB2694900CB6746 /* PBXContainerItemProxy */ = {
			isa = PBXContainerItemProxy;
			containerPortal = D95394DA1BB2694900CB6746 /* Project object */;
			proxyType = 1;
			remoteGlobalIDString = D95394E11BB2694900CB6746;
			remoteInfo = IDo;
		};
/* End PBXContainerItemProxy section */

/* Begin PBXFileReference section */
		D95394E21BB2694900CB6746 /* IDo.app */ = {isa = PBXFileReference; explicitFileType = wrapper.application; includeInIndex = 0; path = IDo.app; sourceTree = BUILT_PRODUCTS_DIR; };
		D95394E61BB2694900CB6746 /* main.m */ = {isa = PBXFileReference; lastKnownFileType = sourcecode.c.objc; path = main.m; sourceTree = "<group>"; };
		D95394E81BB2694900CB6746 /* AppDelegate.h */ = {isa = PBXFileReference; lastKnownFileType = sourcecode.c.h; path = AppDelegate.h; sourceTree = "<group>"; };
		D95394E91BB2694900CB6746 /* AppDelegate.m */ = {isa = PBXFileReference; lastKnownFileType = sourcecode.c.objc; path = AppDelegate.m; sourceTree = "<group>"; };
		D95394F11BB2694900CB6746 /* Assets.xcassets */ = {isa = PBXFileReference; lastKnownFileType = folder.assetcatalog; path = Assets.xcassets; sourceTree = "<group>"; };
		D95394F61BB2694900CB6746 /* Info.plist */ = {isa = PBXFileReference; lastKnownFileType = text.plist.xml; path = Info.plist; sourceTree = "<group>"; };
		D95394FB1BB2694900CB6746 /* IDoTests.xctest */ = {isa = PBXFileReference; explicitFileType = wrapper.cfbundle; includeInIndex = 0; path = IDoTests.xctest; sourceTree = BUILT_PRODUCTS_DIR; };
		D95394FF1BB2694900CB6746 /* IDoTests.m */ = {isa = PBXFileReference; lastKnownFileType = sourcecode.c.objc; path = IDoTests.m; sourceTree = "<group>"; };
		D95395011BB2694900CB6746 /* Info.plist */ = {isa = PBXFileReference; lastKnownFileType = text.plist.xml; path = Info.plist; sourceTree = "<group>"; };
		D95395061BB2694900CB6746 /* IDoUITests.xctest */ = {isa = PBXFileReference; explicitFileType = wrapper.cfbundle; includeInIndex = 0; path = IDoUITests.xctest; sourceTree = BUILT_PRODUCTS_DIR; };
		D953950A1BB2694900CB6746 /* IDoUITests.m */ = {isa = PBXFileReference; lastKnownFileType = sourcecode.c.objc; path = IDoUITests.m; sourceTree = "<group>"; };
		D953950C1BB2694900CB6746 /* Info.plist */ = {isa = PBXFileReference; lastKnownFileType = text.plist.xml; path = Info.plist; sourceTree = "<group>"; };
		D95395181BB26B0200CB6746 /* HomeViewController.h */ = {isa = PBXFileReference; fileEncoding = 4; lastKnownFileType = sourcecode.c.h; name = HomeViewController.h; path = ../IDo/HomeViewController.h; sourceTree = "<group>"; };
		D95395191BB26B0200CB6746 /* HomeViewController.m */ = {isa = PBXFileReference; fileEncoding = 4; lastKnownFileType = sourcecode.c.objc; name = HomeViewController.m; path = ../IDo/HomeViewController.m; sourceTree = "<group>"; };
		D953959C1BB273B500CB6746 /* dylib1.o */ = {isa = PBXFileReference; lastKnownFileType = "compiled.mach-o.objfile"; name = dylib1.o; path = usr/lib/dylib1.o; sourceTree = SDKROOT; };
		D953959E1BB273DA00CB6746 /* Security.framework */ = {isa = PBXFileReference; lastKnownFileType = wrapper.framework; name = Security.framework; path = System/Library/Frameworks/Security.framework; sourceTree = SDKROOT; };
		D95395A01BB273E800CB6746 /* libz.tbd */ = {isa = PBXFileReference; lastKnownFileType = "sourcecode.text-based-dylib-definition"; name = libz.tbd; path = usr/lib/libz.tbd; sourceTree = SDKROOT; };
		D95395A21BB2740C00CB6746 /* libc++.tbd */ = {isa = PBXFileReference; lastKnownFileType = "sourcecode.text-based-dylib-definition"; name = "libc++.tbd"; path = "usr/lib/libc++.tbd"; sourceTree = SDKROOT; };
		D9B2F6941BB27FA900ED7DDF /* Default-568h@2x.png */ = {isa = PBXFileReference; lastKnownFileType = image.png; path = "Default-568h@2x.png"; sourceTree = "<group>"; };
		D9B2F69E1BB2838300ED7DDF /* RECommonFunctions.h */ = {isa = PBXFileReference; fileEncoding = 4; lastKnownFileType = sourcecode.c.h; path = RECommonFunctions.h; sourceTree = "<group>"; };
		D9B2F69F1BB2838300ED7DDF /* RECommonFunctions.m */ = {isa = PBXFileReference; fileEncoding = 4; lastKnownFileType = sourcecode.c.objc; path = RECommonFunctions.m; sourceTree = "<group>"; };
		D9B2F6A01BB2838300ED7DDF /* REFrostedContainerViewController.h */ = {isa = PBXFileReference; fileEncoding = 4; lastKnownFileType = sourcecode.c.h; path = REFrostedContainerViewController.h; sourceTree = "<group>"; };
		D9B2F6A11BB2838300ED7DDF /* REFrostedContainerViewController.m */ = {isa = PBXFileReference; fileEncoding = 4; lastKnownFileType = sourcecode.c.objc; path = REFrostedContainerViewController.m; sourceTree = "<group>"; };
		D9B2F6A21BB2838300ED7DDF /* REFrostedViewController.h */ = {isa = PBXFileReference; fileEncoding = 4; lastKnownFileType = sourcecode.c.h; path = REFrostedViewController.h; sourceTree = "<group>"; };
		D9B2F6A31BB2838300ED7DDF /* REFrostedViewController.m */ = {isa = PBXFileReference; fileEncoding = 4; lastKnownFileType = sourcecode.c.objc; path = REFrostedViewController.m; sourceTree = "<group>"; };
		D9B2F6A41BB2838300ED7DDF /* UIImage+REFrostedViewController.h */ = {isa = PBXFileReference; fileEncoding = 4; lastKnownFileType = sourcecode.c.h; path = "UIImage+REFrostedViewController.h"; sourceTree = "<group>"; };
		D9B2F6A51BB2838300ED7DDF /* UIImage+REFrostedViewController.m */ = {isa = PBXFileReference; fileEncoding = 4; lastKnownFileType = sourcecode.c.objc; path = "UIImage+REFrostedViewController.m"; sourceTree = "<group>"; };
		D9B2F6A61BB2838300ED7DDF /* UIView+REFrostedViewController.h */ = {isa = PBXFileReference; fileEncoding = 4; lastKnownFileType = sourcecode.c.h; path = "UIView+REFrostedViewController.h"; sourceTree = "<group>"; };
		D9B2F6A71BB2838300ED7DDF /* UIView+REFrostedViewController.m */ = {isa = PBXFileReference; fileEncoding = 4; lastKnownFileType = sourcecode.c.objc; path = "UIView+REFrostedViewController.m"; sourceTree = "<group>"; };
		D9B2F6A81BB2838300ED7DDF /* UIViewController+REFrostedViewController.h */ = {isa = PBXFileReference; fileEncoding = 4; lastKnownFileType = sourcecode.c.h; path = "UIViewController+REFrostedViewController.h"; sourceTree = "<group>"; };
		D9B2F6A91BB2838300ED7DDF /* UIViewController+REFrostedViewController.m */ = {isa = PBXFileReference; fileEncoding = 4; lastKnownFileType = sourcecode.c.objc; path = "UIViewController+REFrostedViewController.m"; sourceTree = "<group>"; };
		D9B2F6B01BB2844400ED7DDF /* HomeMenuViewController.h */ = {isa = PBXFileReference; fileEncoding = 4; lastKnownFileType = sourcecode.c.h; path = HomeMenuViewController.h; sourceTree = "<group>"; };
		D9B2F6B11BB2844400ED7DDF /* HomeMenuViewController.m */ = {isa = PBXFileReference; fileEncoding = 4; lastKnownFileType = sourcecode.c.objc; path = HomeMenuViewController.m; sourceTree = "<group>"; };
		D9B2F6B41BB2882500ED7DDF /* HomeMenuTableViewHeaderView.h */ = {isa = PBXFileReference; fileEncoding = 4; lastKnownFileType = sourcecode.c.h; path = HomeMenuTableViewHeaderView.h; sourceTree = "<group>"; };
		D9B2F6B51BB2882500ED7DDF /* HomeMenuTableViewHeaderView.m */ = {isa = PBXFileReference; fileEncoding = 4; lastKnownFileType = sourcecode.c.objc; path = HomeMenuTableViewHeaderView.m; sourceTree = "<group>"; };
		D9B2F6B71BB2883200ED7DDF /* HomeMenuTableViewHeaderView.xib */ = {isa = PBXFileReference; fileEncoding = 4; lastKnownFileType = file.xib; path = HomeMenuTableViewHeaderView.xib; sourceTree = "<group>"; };
		D9B2F6BA1BB28D7A00ED7DDF /* icon_menu_mine@2x.png */ = {isa = PBXFileReference; lastKnownFileType = image.png; path = "icon_menu_mine@2x.png"; sourceTree = "<group>"; };
		D9B2F6BB1BB28D7A00ED7DDF /* icon_menu_wallet@2x.png */ = {isa = PBXFileReference; lastKnownFileType = image.png; path = "icon_menu_wallet@2x.png"; sourceTree = "<group>"; };
		D9B2F6BC1BB28D7A00ED7DDF /* icon_menu_setting@2x.png */ = {isa = PBXFileReference; lastKnownFileType = image.png; path = "icon_menu_setting@2x.png"; sourceTree = "<group>"; };
		D9B2F6BD1BB28D7A00ED7DDF /* icon_menu_message@2x.png */ = {isa = PBXFileReference; lastKnownFileType = image.png; path = "icon_menu_message@2x.png"; sourceTree = "<group>"; };
		D9B2F6C21BB28E8E00ED7DDF /* HomeMenuTableViewCell.h */ = {isa = PBXFileReference; fileEncoding = 4; lastKnownFileType = sourcecode.c.h; path = HomeMenuTableViewCell.h; sourceTree = "<group>"; };
		D9B2F6C31BB28E8E00ED7DDF /* HomeMenuTableViewCell.m */ = {isa = PBXFileReference; fileEncoding = 4; lastKnownFileType = sourcecode.c.objc; path = HomeMenuTableViewCell.m; sourceTree = "<group>"; };
		D9B2F6C41BB28E8E00ED7DDF /* HomeMenuTableViewCell.xib */ = {isa = PBXFileReference; fileEncoding = 4; lastKnownFileType = file.xib; path = HomeMenuTableViewCell.xib; sourceTree = "<group>"; };
/* End PBXFileReference section */

/* Begin PBXFrameworksBuildPhase section */
		D95394DF1BB2694900CB6746 /* Frameworks */ = {
			isa = PBXFrameworksBuildPhase;
			buildActionMask = 2147483647;
			files = (
				D95395A31BB2740C00CB6746 /* libc++.tbd in Frameworks */,
				D95395A11BB273E900CB6746 /* libz.tbd in Frameworks */,
				D953959F1BB273DA00CB6746 /* Security.framework in Frameworks */,
			);
			runOnlyForDeploymentPostprocessing = 0;
		};
		D95394F81BB2694900CB6746 /* Frameworks */ = {
			isa = PBXFrameworksBuildPhase;
			buildActionMask = 2147483647;
			files = (
			);
			runOnlyForDeploymentPostprocessing = 0;
		};
		D95395031BB2694900CB6746 /* Frameworks */ = {
			isa = PBXFrameworksBuildPhase;
			buildActionMask = 2147483647;
			files = (
			);
			runOnlyForDeploymentPostprocessing = 0;
		};
/* End PBXFrameworksBuildPhase section */

/* Begin PBXGroup section */
		D95394D91BB2694900CB6746 = {
			isa = PBXGroup;
			children = (
				D9B2F6941BB27FA900ED7DDF /* Default-568h@2x.png */,
				D95395A21BB2740C00CB6746 /* libc++.tbd */,
				D95395A01BB273E800CB6746 /* libz.tbd */,
				D953959E1BB273DA00CB6746 /* Security.framework */,
				D953959C1BB273B500CB6746 /* dylib1.o */,
				D95394E41BB2694900CB6746 /* IDo */,
				D95394FE1BB2694900CB6746 /* IDoTests */,
				D95395091BB2694900CB6746 /* IDoUITests */,
				D95394E31BB2694900CB6746 /* Products */,
			);
			sourceTree = "<group>";
		};
		D95394E31BB2694900CB6746 /* Products */ = {
			isa = PBXGroup;
			children = (
				D95394E21BB2694900CB6746 /* IDo.app */,
				D95394FB1BB2694900CB6746 /* IDoTests.xctest */,
				D95395061BB2694900CB6746 /* IDoUITests.xctest */,
			);
			name = Products;
			sourceTree = "<group>";
		};
		D95394E41BB2694900CB6746 /* IDo */ = {
			isa = PBXGroup;
			children = (
				D9B2F6B91BB28D2E00ED7DDF /* Images */,
				D9B2F6961BB280AE00ED7DDF /* HomeViewController */,
				D953951B1BB26D7F00CB6746 /* Libs */,
				D95394E81BB2694900CB6746 /* AppDelegate.h */,
				D95394E91BB2694900CB6746 /* AppDelegate.m */,
				D95394F11BB2694900CB6746 /* Assets.xcassets */,
				D95394F61BB2694900CB6746 /* Info.plist */,
				D95394E51BB2694900CB6746 /* Supporting Files */,
			);
			path = IDo;
			sourceTree = "<group>";
		};
		D95394E51BB2694900CB6746 /* Supporting Files */ = {
			isa = PBXGroup;
			children = (
				D95394E61BB2694900CB6746 /* main.m */,
			);
			name = "Supporting Files";
			sourceTree = "<group>";
		};
		D95394FE1BB2694900CB6746 /* IDoTests */ = {
			isa = PBXGroup;
			children = (
				D95394FF1BB2694900CB6746 /* IDoTests.m */,
				D95395011BB2694900CB6746 /* Info.plist */,
			);
			path = IDoTests;
			sourceTree = "<group>";
		};
		D95395091BB2694900CB6746 /* IDoUITests */ = {
			isa = PBXGroup;
			children = (
				D953950A1BB2694900CB6746 /* IDoUITests.m */,
				D953950C1BB2694900CB6746 /* Info.plist */,
			);
			path = IDoUITests;
			sourceTree = "<group>";
		};
		D953951B1BB26D7F00CB6746 /* Libs */ = {
			isa = PBXGroup;
			children = (
				D9B2F69D1BB2838300ED7DDF /* REFrostedViewController */,
			);
			path = Libs;
			sourceTree = "<group>";
		};
		D9B2F6961BB280AE00ED7DDF /* HomeViewController */ = {
			isa = PBXGroup;
			children = (
				D95395181BB26B0200CB6746 /* HomeViewController.h */,
				D95395191BB26B0200CB6746 /* HomeViewController.m */,
				D9B2F6B31BB287F900ED7DDF /* HomeMenu */,
			);
			path = HomeViewController;
			sourceTree = SOURCE_ROOT;
		};
		D9B2F69D1BB2838300ED7DDF /* REFrostedViewController */ = {
			isa = PBXGroup;
			children = (
				D9B2F69E1BB2838300ED7DDF /* RECommonFunctions.h */,
				D9B2F69F1BB2838300ED7DDF /* RECommonFunctions.m */,
				D9B2F6A01BB2838300ED7DDF /* REFrostedContainerViewController.h */,
				D9B2F6A11BB2838300ED7DDF /* REFrostedContainerViewController.m */,
				D9B2F6A21BB2838300ED7DDF /* REFrostedViewController.h */,
				D9B2F6A31BB2838300ED7DDF /* REFrostedViewController.m */,
				D9B2F6A41BB2838300ED7DDF /* UIImage+REFrostedViewController.h */,
				D9B2F6A51BB2838300ED7DDF /* UIImage+REFrostedViewController.m */,
				D9B2F6A61BB2838300ED7DDF /* UIView+REFrostedViewController.h */,
				D9B2F6A71BB2838300ED7DDF /* UIView+REFrostedViewController.m */,
				D9B2F6A81BB2838300ED7DDF /* UIViewController+REFrostedViewController.h */,
				D9B2F6A91BB2838300ED7DDF /* UIViewController+REFrostedViewController.m */,
			);
			path = REFrostedViewController;
			sourceTree = "<group>";
		};
		D9B2F6B31BB287F900ED7DDF /* HomeMenu */ = {
			isa = PBXGroup;
			children = (
				D9B2F6B01BB2844400ED7DDF /* HomeMenuViewController.h */,
				D9B2F6B11BB2844400ED7DDF /* HomeMenuViewController.m */,
				D9B2F6B41BB2882500ED7DDF /* HomeMenuTableViewHeaderView.h */,
				D9B2F6B51BB2882500ED7DDF /* HomeMenuTableViewHeaderView.m */,
				D9B2F6B71BB2883200ED7DDF /* HomeMenuTableViewHeaderView.xib */,
				D9B2F6C21BB28E8E00ED7DDF /* HomeMenuTableViewCell.h */,
				D9B2F6C31BB28E8E00ED7DDF /* HomeMenuTableViewCell.m */,
				D9B2F6C41BB28E8E00ED7DDF /* HomeMenuTableViewCell.xib */,
			);
			name = HomeMenu;
			sourceTree = "<group>";
		};
		D9B2F6B91BB28D2E00ED7DDF /* Images */ = {
			isa = PBXGroup;
			children = (
				D9B2F6BA1BB28D7A00ED7DDF /* icon_menu_mine@2x.png */,
				D9B2F6BB1BB28D7A00ED7DDF /* icon_menu_wallet@2x.png */,
				D9B2F6BC1BB28D7A00ED7DDF /* icon_menu_setting@2x.png */,
				D9B2F6BD1BB28D7A00ED7DDF /* icon_menu_message@2x.png */,
			);
			path = Images;
			sourceTree = "<group>";
		};
/* End PBXGroup section */

/* Begin PBXNativeTarget section */
		D95394E11BB2694900CB6746 /* IDo */ = {
			isa = PBXNativeTarget;
			buildConfigurationList = D953950F1BB2694900CB6746 /* Build configuration list for PBXNativeTarget "IDo" */;
			buildPhases = (
				D95394DE1BB2694900CB6746 /* Sources */,
				D95394DF1BB2694900CB6746 /* Frameworks */,
				D95394E01BB2694900CB6746 /* Resources */,
			);
			buildRules = (
			);
			dependencies = (
			);
			name = IDo;
			productName = IDo;
			productReference = D95394E21BB2694900CB6746 /* IDo.app */;
			productType = "com.apple.product-type.application";
		};
		D95394FA1BB2694900CB6746 /* IDoTests */ = {
			isa = PBXNativeTarget;
			buildConfigurationList = D95395121BB2694900CB6746 /* Build configuration list for PBXNativeTarget "IDoTests" */;
			buildPhases = (
				D95394F71BB2694900CB6746 /* Sources */,
				D95394F81BB2694900CB6746 /* Frameworks */,
				D95394F91BB2694900CB6746 /* Resources */,
			);
			buildRules = (
			);
			dependencies = (
				D95394FD1BB2694900CB6746 /* PBXTargetDependency */,
			);
			name = IDoTests;
			productName = IDoTests;
			productReference = D95394FB1BB2694900CB6746 /* IDoTests.xctest */;
			productType = "com.apple.product-type.bundle.unit-test";
		};
		D95395051BB2694900CB6746 /* IDoUITests */ = {
			isa = PBXNativeTarget;
			buildConfigurationList = D95395151BB2694900CB6746 /* Build configuration list for PBXNativeTarget "IDoUITests" */;
			buildPhases = (
				D95395021BB2694900CB6746 /* Sources */,
				D95395031BB2694900CB6746 /* Frameworks */,
				D95395041BB2694900CB6746 /* Resources */,
			);
			buildRules = (
			);
			dependencies = (
				D95395081BB2694900CB6746 /* PBXTargetDependency */,
			);
			name = IDoUITests;
			productName = IDoUITests;
			productReference = D95395061BB2694900CB6746 /* IDoUITests.xctest */;
			productType = "com.apple.product-type.bundle.ui-testing";
		};
/* End PBXNativeTarget section */

/* Begin PBXProject section */
		D95394DA1BB2694900CB6746 /* Project object */ = {
			isa = PBXProject;
			attributes = {
				LastUpgradeCheck = 0700;
				ORGANIZATIONNAME = com.Yinengxin.xianne;
				TargetAttributes = {
					D95394E11BB2694900CB6746 = {
						CreatedOnToolsVersion = 7.0;
					};
					D95394FA1BB2694900CB6746 = {
						CreatedOnToolsVersion = 7.0;
						TestTargetID = D95394E11BB2694900CB6746;
					};
					D95395051BB2694900CB6746 = {
						CreatedOnToolsVersion = 7.0;
						TestTargetID = D95394E11BB2694900CB6746;
					};
				};
			};
			buildConfigurationList = D95394DD1BB2694900CB6746 /* Build configuration list for PBXProject "IDo" */;
			compatibilityVersion = "Xcode 3.2";
			developmentRegion = English;
			hasScannedForEncodings = 0;
			knownRegions = (
				en,
				Base,
			);
			mainGroup = D95394D91BB2694900CB6746;
			productRefGroup = D95394E31BB2694900CB6746 /* Products */;
			projectDirPath = "";
			projectRoot = "";
			targets = (
				D95394E11BB2694900CB6746 /* IDo */,
				D95394FA1BB2694900CB6746 /* IDoTests */,
				D95395051BB2694900CB6746 /* IDoUITests */,
			);
		};
/* End PBXProject section */

/* Begin PBXResourcesBuildPhase section */
		D95394E01BB2694900CB6746 /* Resources */ = {
			isa = PBXResourcesBuildPhase;
			buildActionMask = 2147483647;
			files = (
				D9B2F6C01BB28D7A00ED7DDF /* icon_menu_setting@2x.png in Resources */,
				D9B2F6C11BB28D7A00ED7DDF /* icon_menu_message@2x.png in Resources */,
				D9B2F6BF1BB28D7A00ED7DDF /* icon_menu_wallet@2x.png in Resources */,
				D9B2F6C61BB28E8E00ED7DDF /* HomeMenuTableViewCell.xib in Resources */,
				D9B2F6B81BB2883200ED7DDF /* HomeMenuTableViewHeaderView.xib in Resources */,
				D9B2F6BE1BB28D7A00ED7DDF /* icon_menu_mine@2x.png in Resources */,
				D95394F21BB2694900CB6746 /* Assets.xcassets in Resources */,
				D9B2F6951BB27FA900ED7DDF /* Default-568h@2x.png in Resources */,
			);
			runOnlyForDeploymentPostprocessing = 0;
		};
		D95394F91BB2694900CB6746 /* Resources */ = {
			isa = PBXResourcesBuildPhase;
			buildActionMask = 2147483647;
			files = (
			);
			runOnlyForDeploymentPostprocessing = 0;
		};
		D95395041BB2694900CB6746 /* Resources */ = {
			isa = PBXResourcesBuildPhase;
			buildActionMask = 2147483647;
			files = (
			);
			runOnlyForDeploymentPostprocessing = 0;
		};
/* End PBXResourcesBuildPhase section */

/* Begin PBXSourcesBuildPhase section */
		D95394DE1BB2694900CB6746 /* Sources */ = {
			isa = PBXSourcesBuildPhase;
			buildActionMask = 2147483647;
			files = (
				D9B2F6AF1BB2838300ED7DDF /* UIViewController+REFrostedViewController.m in Sources */,
				D95394EA1BB2694900CB6746 /* AppDelegate.m in Sources */,
				D9B2F6AB1BB2838300ED7DDF /* REFrostedContainerViewController.m in Sources */,
				D9B2F6C51BB28E8E00ED7DDF /* HomeMenuTableViewCell.m in Sources */,
				D9B2F6AA1BB2838300ED7DDF /* RECommonFunctions.m in Sources */,
				D95394E71BB2694900CB6746 /* main.m in Sources */,
				D9B2F6B61BB2882500ED7DDF /* HomeMenuTableViewHeaderView.m in Sources */,
				D953951A1BB26B0200CB6746 /* HomeViewController.m in Sources */,
				D9B2F6B21BB2844400ED7DDF /* HomeMenuViewController.m in Sources */,
				D9B2F6AC1BB2838300ED7DDF /* REFrostedViewController.m in Sources */,
				D9B2F6AD1BB2838300ED7DDF /* UIImage+REFrostedViewController.m in Sources */,
				D9B2F6AE1BB2838300ED7DDF /* UIView+REFrostedViewController.m in Sources */,
			);
			runOnlyForDeploymentPostprocessing = 0;
		};
		D95394F71BB2694900CB6746 /* Sources */ = {
			isa = PBXSourcesBuildPhase;
			buildActionMask = 2147483647;
			files = (
				D95395001BB2694900CB6746 /* IDoTests.m in Sources */,
			);
			runOnlyForDeploymentPostprocessing = 0;
		};
		D95395021BB2694900CB6746 /* Sources */ = {
			isa = PBXSourcesBuildPhase;
			buildActionMask = 2147483647;
			files = (
				D953950B1BB2694900CB6746 /* IDoUITests.m in Sources */,
			);
			runOnlyForDeploymentPostprocessing = 0;
		};
/* End PBXSourcesBuildPhase section */

/* Begin PBXTargetDependency section */
		D95394FD1BB2694900CB6746 /* PBXTargetDependency */ = {
			isa = PBXTargetDependency;
			target = D95394E11BB2694900CB6746 /* IDo */;
			targetProxy = D95394FC1BB2694900CB6746 /* PBXContainerItemProxy */;
		};
		D95395081BB2694900CB6746 /* PBXTargetDependency */ = {
			isa = PBXTargetDependency;
			target = D95394E11BB2694900CB6746 /* IDo */;
			targetProxy = D95395071BB2694900CB6746 /* PBXContainerItemProxy */;
		};
/* End PBXTargetDependency section */

/* Begin XCBuildConfiguration section */
		D953950D1BB2694900CB6746 /* Debug */ = {
			isa = XCBuildConfiguration;
			buildSettings = {
				ALWAYS_SEARCH_USER_PATHS = NO;
				CLANG_CXX_LANGUAGE_STANDARD = "gnu++0x";
				CLANG_CXX_LIBRARY = "libc++";
				CLANG_ENABLE_MODULES = YES;
				CLANG_ENABLE_OBJC_ARC = YES;
				CLANG_WARN_BOOL_CONVERSION = YES;
				CLANG_WARN_CONSTANT_CONVERSION = YES;
				CLANG_WARN_DIRECT_OBJC_ISA_USAGE = YES_ERROR;
				CLANG_WARN_EMPTY_BODY = YES;
				CLANG_WARN_ENUM_CONVERSION = YES;
				CLANG_WARN_INT_CONVERSION = YES;
				CLANG_WARN_OBJC_ROOT_CLASS = YES_ERROR;
				CLANG_WARN_UNREACHABLE_CODE = YES;
				CLANG_WARN__DUPLICATE_METHOD_MATCH = YES;
				"CODE_SIGN_IDENTITY[sdk=iphoneos*]" = "iPhone Developer";
				COPY_PHASE_STRIP = NO;
				DEBUG_INFORMATION_FORMAT = dwarf;
				ENABLE_STRICT_OBJC_MSGSEND = YES;
				ENABLE_TESTABILITY = YES;
				GCC_C_LANGUAGE_STANDARD = gnu99;
				GCC_DYNAMIC_NO_PIC = NO;
				GCC_NO_COMMON_BLOCKS = YES;
				GCC_OPTIMIZATION_LEVEL = 0;
				GCC_PREPROCESSOR_DEFINITIONS = (
					"DEBUG=1",
					"$(inherited)",
				);
				GCC_WARN_64_TO_32_BIT_CONVERSION = YES;
				GCC_WARN_ABOUT_RETURN_TYPE = YES_ERROR;
				GCC_WARN_UNDECLARED_SELECTOR = YES;
				GCC_WARN_UNINITIALIZED_AUTOS = YES_AGGRESSIVE;
				GCC_WARN_UNUSED_FUNCTION = YES;
				GCC_WARN_UNUSED_VARIABLE = YES;
				IPHONEOS_DEPLOYMENT_TARGET = 9.0;
				MTL_ENABLE_DEBUG_INFO = YES;
				ONLY_ACTIVE_ARCH = YES;
				SDKROOT = iphoneos;
			};
			name = Debug;
		};
		D953950E1BB2694900CB6746 /* Release */ = {
			isa = XCBuildConfiguration;
			buildSettings = {
				ALWAYS_SEARCH_USER_PATHS = NO;
				CLANG_CXX_LANGUAGE_STANDARD = "gnu++0x";
				CLANG_CXX_LIBRARY = "libc++";
				CLANG_ENABLE_MODULES = YES;
				CLANG_ENABLE_OBJC_ARC = YES;
				CLANG_WARN_BOOL_CONVERSION = YES;
				CLANG_WARN_CONSTANT_CONVERSION = YES;
				CLANG_WARN_DIRECT_OBJC_ISA_USAGE = YES_ERROR;
				CLANG_WARN_EMPTY_BODY = YES;
				CLANG_WARN_ENUM_CONVERSION = YES;
				CLANG_WARN_INT_CONVERSION = YES;
				CLANG_WARN_OBJC_ROOT_CLASS = YES_ERROR;
				CLANG_WARN_UNREACHABLE_CODE = YES;
				CLANG_WARN__DUPLICATE_METHOD_MATCH = YES;
				"CODE_SIGN_IDENTITY[sdk=iphoneos*]" = "iPhone Developer";
				COPY_PHASE_STRIP = NO;
				DEBUG_INFORMATION_FORMAT = "dwarf-with-dsym";
				ENABLE_NS_ASSERTIONS = NO;
				ENABLE_STRICT_OBJC_MSGSEND = YES;
				GCC_C_LANGUAGE_STANDARD = gnu99;
				GCC_NO_COMMON_BLOCKS = YES;
				GCC_WARN_64_TO_32_BIT_CONVERSION = YES;
				GCC_WARN_ABOUT_RETURN_TYPE = YES_ERROR;
				GCC_WARN_UNDECLARED_SELECTOR = YES;
				GCC_WARN_UNINITIALIZED_AUTOS = YES_AGGRESSIVE;
				GCC_WARN_UNUSED_FUNCTION = YES;
				GCC_WARN_UNUSED_VARIABLE = YES;
				IPHONEOS_DEPLOYMENT_TARGET = 9.0;
				MTL_ENABLE_DEBUG_INFO = NO;
				SDKROOT = iphoneos;
				VALIDATE_PRODUCT = YES;
			};
			name = Release;
		};
		D95395101BB2694900CB6746 /* Debug */ = {
			isa = XCBuildConfiguration;
			buildSettings = {
				ASSETCATALOG_COMPILER_APPICON_NAME = AppIcon;
				FRAMEWORK_SEARCH_PATHS = (
					"$(inherited)",
					"$(PROJECT_DIR)/IDo/Libs/Pay",
				);
				HEADER_SEARCH_PATHS = "$(PROJECT_DIR)/IDo/Libs/Pay";
				INFOPLIST_FILE = IDo/Info.plist;
				IPHONEOS_DEPLOYMENT_TARGET = 7.0;
				LD_RUNPATH_SEARCH_PATHS = "$(inherited) @executable_path/Frameworks";
				LIBRARY_SEARCH_PATHS = (
					"$(inherited)",
					"$(PROJECT_DIR)/IDo/Libs/Pay",
				);
				PRODUCT_BUNDLE_IDENTIFIER = com.Yinengxin.IDo;
				PRODUCT_NAME = "$(TARGET_NAME)";
			};
			name = Debug;
		};
		D95395111BB2694900CB6746 /* Release */ = {
			isa = XCBuildConfiguration;
			buildSettings = {
				ASSETCATALOG_COMPILER_APPICON_NAME = AppIcon;
				FRAMEWORK_SEARCH_PATHS = (
					"$(inherited)",
					"$(PROJECT_DIR)/IDo/Libs/Pay",
				);
				HEADER_SEARCH_PATHS = "$(PROJECT_DIR)/IDo/Libs/Pay";
				INFOPLIST_FILE = IDo/Info.plist;
				IPHONEOS_DEPLOYMENT_TARGET = 7.0;
				LD_RUNPATH_SEARCH_PATHS = "$(inherited) @executable_path/Frameworks";
				LIBRARY_SEARCH_PATHS = (
					"$(inherited)",
					"$(PROJECT_DIR)/IDo/Libs/Pay",
				);
				PRODUCT_BUNDLE_IDENTIFIER = com.Yinengxin.IDo;
				PRODUCT_NAME = "$(TARGET_NAME)";
			};
			name = Release;
		};
		D95395131BB2694900CB6746 /* Debug */ = {
			isa = XCBuildConfiguration;
			buildSettings = {
				BUNDLE_LOADER = "$(TEST_HOST)";
				INFOPLIST_FILE = IDoTests/Info.plist;
				LD_RUNPATH_SEARCH_PATHS = "$(inherited) @executable_path/Frameworks @loader_path/Frameworks";
				PRODUCT_BUNDLE_IDENTIFIER = com.Yinengxin.IDoTests;
				PRODUCT_NAME = "$(TARGET_NAME)";
				TEST_HOST = "$(BUILT_PRODUCTS_DIR)/IDo.app/IDo";
			};
			name = Debug;
		};
		D95395141BB2694900CB6746 /* Release */ = {
			isa = XCBuildConfiguration;
			buildSettings = {
				BUNDLE_LOADER = "$(TEST_HOST)";
				INFOPLIST_FILE = IDoTests/Info.plist;
				LD_RUNPATH_SEARCH_PATHS = "$(inherited) @executable_path/Frameworks @loader_path/Frameworks";
				PRODUCT_BUNDLE_IDENTIFIER = com.Yinengxin.IDoTests;
				PRODUCT_NAME = "$(TARGET_NAME)";
				TEST_HOST = "$(BUILT_PRODUCTS_DIR)/IDo.app/IDo";
			};
			name = Release;
		};
		D95395161BB2694900CB6746 /* Debug */ = {
			isa = XCBuildConfiguration;
			buildSettings = {
				INFOPLIST_FILE = IDoUITests/Info.plist;
				LD_RUNPATH_SEARCH_PATHS = "$(inherited) @executable_path/Frameworks @loader_path/Frameworks";
				PRODUCT_BUNDLE_IDENTIFIER = com.Yinengxin.IDoUITests;
				PRODUCT_NAME = "$(TARGET_NAME)";
				TEST_TARGET_NAME = IDo;
				USES_XCTRUNNER = YES;
			};
			name = Debug;
		};
		D95395171BB2694900CB6746 /* Release */ = {
			isa = XCBuildConfiguration;
			buildSettings = {
				INFOPLIST_FILE = IDoUITests/Info.plist;
				LD_RUNPATH_SEARCH_PATHS = "$(inherited) @executable_path/Frameworks @loader_path/Frameworks";
				PRODUCT_BUNDLE_IDENTIFIER = com.Yinengxin.IDoUITests;
				PRODUCT_NAME = "$(TARGET_NAME)";
				TEST_TARGET_NAME = IDo;
				USES_XCTRUNNER = YES;
			};
			name = Release;
		};
/* End XCBuildConfiguration section */

/* Begin XCConfigurationList section */
		D95394DD1BB2694900CB6746 /* Build configuration list for PBXProject "IDo" */ = {
			isa = XCConfigurationList;
			buildConfigurations = (
				D953950D1BB2694900CB6746 /* Debug */,
				D953950E1BB2694900CB6746 /* Release */,
			);
			defaultConfigurationIsVisible = 0;
			defaultConfigurationName = Release;
		};
		D953950F1BB2694900CB6746 /* Build configuration list for PBXNativeTarget "IDo" */ = {
			isa = XCConfigurationList;
			buildConfigurations = (
				D95395101BB2694900CB6746 /* Debug */,
				D95395111BB2694900CB6746 /* Release */,
			);
			defaultConfigurationIsVisible = 0;
			defaultConfigurationName = Release;
		};
		D95395121BB2694900CB6746 /* Build configuration list for PBXNativeTarget "IDoTests" */ = {
			isa = XCConfigurationList;
			buildConfigurations = (
				D95395131BB2694900CB6746 /* Debug */,
				D95395141BB2694900CB6746 /* Release */,
			);
			defaultConfigurationIsVisible = 0;
			defaultConfigurationName = Release;
		};
		D95395151BB2694900CB6746 /* Build configuration list for PBXNativeTarget "IDoUITests" */ = {
			isa = XCConfigurationList;
			buildConfigurations = (
				D95395161BB2694900CB6746 /* Debug */,
				D95395171BB2694900CB6746 /* Release */,
			);
			defaultConfigurationIsVisible = 0;
			defaultConfigurationName = Release;
		};
/* End XCConfigurationList section */
	};
	rootObject = D95394DA1BB2694900CB6746 /* Project object */;
}
